
Microsoft Visual Studio Solution File, Format Version 12.00
# Visual Studio 15
VisualStudioVersion = 15.0.26730.16
MinimumVisualStudioVersion = 10.0.40219.1
Project("{FAE04EC0-301F-11D3-BF4B-00C04F79EFBC}") = "App5.Android", "App5\App5.Android\App5.Android.csproj", "{7FCF4CD2-3792-42E4-ADD7-A88ED05029BC}"
EndProject
Project("{FAE04EC0-301F-11D3-BF4B-00C04F79EFBC}") = "App5", "App5\App5\App5.csproj", "{71CE6A12-9349-498E-9F26-306A492373DC}"
EndProject
Project("{FAE04EC0-301F-11D3-BF4B-00C04F79EFBC}") = "App5.UWP", "App5\App5.UWP\App5.UWP.csproj", "{2360F0B4-DAD8-48C9-87D8-1B7913979179}"
EndProject
Project("{FAE04EC0-301F-11D3-BF4B-00C04F79EFBC}") = "App5.iOS", "App5\App5.iOS\App5.iOS.csproj", "{35F9036B-6051-4FC0-8906-F82C3EBA473B}"
EndProject
Global
	GlobalSection(SolutionConfigurationPlatforms) = preSolution
		Ad-Hoc|Any CPU = Ad-Hoc|Any CPU
		Ad-Hoc|ARM = Ad-Hoc|ARM
		Ad-Hoc|iPhone = Ad-Hoc|iPhone
		Ad-Hoc|iPhoneSimulator = Ad-Hoc|iPhoneSimulator
		Ad-Hoc|x64 = Ad-Hoc|x64
		Ad-Hoc|x86 = Ad-Hoc|x86
		AppStore|Any CPU = AppStore|Any CPU
		AppStore|ARM = AppStore|ARM
		AppStore|iPhone = AppStore|iPhone
		AppStore|iPhoneSimulator = AppStore|iPhoneSimulator
		AppStore|x64 = AppStore|x64
		AppStore|x86 = AppStore|x86
		Debug|Any CPU = Debug|Any CPU
		Debug|ARM = Debug|ARM
		Debug|iPhone = Debug|iPhone
		Debug|iPhoneSimulator = Debug|iPhoneSimulator
		Debug|x64 = Debug|x64
		Debug|x86 = Debug|x86
		Release|Any CPU = Release|Any CPU
		Release|ARM = Release|ARM
		Release|iPhone = Release|iPhone
		Release|iPhoneSimulator = Release|iPhoneSimulator
		Release|x64 = Release|x64
		Release|x86 = Release|x86
	EndGlobalSection
	GlobalSection(ProjectConfigurationPlatforms) = postSolution
		{7FCF4CD2-3792-42E4-ADD7-A88ED05029BC}.Ad-Hoc|Any CPU.ActiveCfg = Release|Any CPU
		{7FCF4CD2-3792-42E4-ADD7-A88ED05029BC}.Ad-Hoc|Any CPU.Build.0 = Release|Any CPU
		{7FCF4CD2-3792-42E4-ADD7-A88ED05029BC}.Ad-Hoc|Any CPU.Deploy.0 = Release|Any CPU
		{7FCF4CD2-3792-42E4-ADD7-A88ED05029BC}.Ad-Hoc|ARM.ActiveCfg = Release|Any CPU
		{7FCF4CD2-3792-42E4-ADD7-A88ED05029BC}.Ad-Hoc|ARM.Build.0 = Release|Any CPU
		{7FCF4CD2-3792-42E4-ADD7-A88ED05029BC}.Ad-Hoc|ARM.Deploy.0 = Release|Any CPU
		{7FCF4CD2-3792-42E4-ADD7-A88ED05029BC}.Ad-Hoc|iPhone.ActiveCfg = Release|Any CPU
		{7FCF4CD2-3792-42E4-ADD7-A88ED05029BC}.Ad-Hoc|iPhone.Build.0 = Release|Any CPU
		{7FCF4CD2-3792-42E4-ADD7-A88ED05029BC}.Ad-Hoc|iPhone.Deploy.0 = Release|Any CPU
		{7FCF4CD2-3792-42E4-ADD7-A88ED05029BC}.Ad-Hoc|iPhoneSimulator.ActiveCfg = Release|Any CPU
		{7FCF4CD2-3792-42E4-ADD7-A88ED05029BC}.Ad-Hoc|iPhoneSimulator.Build.0 = Release|Any CPU
		{7FCF4CD2-3792-42E4-ADD7-A88ED05029BC}.Ad-Hoc|iPhoneSimulator.Deploy.0 = Release|Any CPU
		{7FCF4CD2-3792-42E4-ADD7-A88ED05029BC}.Ad-Hoc|x64.ActiveCfg = Release|Any CPU
		{7FCF4CD2-3792-42E4-ADD7-A88ED05029BC}.Ad-Hoc|x64.Build.0 = Release|Any CPU
		{7FCF4CD2-3792-42E4-ADD7-A88ED05029BC}.Ad-Hoc|x64.Deploy.0 = Release|Any CPU
		{7FCF4CD2-3792-42E4-ADD7-A88ED05029BC}.Ad-Hoc|x86.ActiveCfg = Release|Any CPU
		{7FCF4CD2-3792-42E4-ADD7-A88ED05029BC}.Ad-Hoc|x86.Build.0 = Release|Any CPU
		{7FCF4CD2-3792-42E4-ADD7-A88ED05029BC}.Ad-Hoc|x86.Deploy.0 = Release|Any CPU
		{7FCF4CD2-3792-42E4-ADD7-A88ED05029BC}.AppStore|Any CPU.ActiveCfg = Release|Any CPU
		{7FCF4CD2-3792-42E4-ADD7-A88ED05029BC}.AppStore|Any CPU.Build.0 = Release|Any CPU
		{7FCF4CD2-3792-42E4-ADD7-A88ED05029BC}.AppStore|Any CPU.Deploy.0 = Release|Any CPU
		{7FCF4CD2-3792-42E4-ADD7-A88ED05029BC}.AppStore|ARM.ActiveCfg = Release|Any CPU
		{7FCF4CD2-3792-42E4-ADD7-A88ED05029BC}.AppStore|ARM.Build.0 = Release|Any CPU
		{7FCF4CD2-3792-42E4-ADD7-A88ED05029BC}.AppStore|ARM.Deploy.0 = Release|Any CPU
		{7FCF4CD2-3792-42E4-ADD7-A88ED05029BC}.AppStore|iPhone.ActiveCfg = Release|Any CPU
		{7FCF4CD2-3792-42E4-ADD7-A88ED05029BC}.AppStore|iPhone.Build.0 = Release|Any CPU
		{7FCF4CD2-3792-42E4-ADD7-A88ED05029BC}.AppStore|iPhone.Deploy.0 = Release|Any CPU
		{7FCF4CD2-3792-42E4-ADD7-A88ED05029BC}.AppStore|iPhoneSimulator.ActiveCfg = Release|Any CPU
		{7FCF4CD2-3792-42E4-ADD7-A88ED05029BC}.AppStore|iPhoneSimulator.Build.0 = Release|Any CPU
		{7FCF4CD2-3792-42E4-ADD7-A88ED05029BC}.AppStore|iPhoneSimulator.Deploy.0 = Release|Any CPU
		{7FCF4CD2-3792-42E4-ADD7-A88ED05029BC}.AppStore|x64.ActiveCfg = Release|Any CPU
		{7FCF4CD2-3792-42E4-ADD7-A88ED05029BC}.AppStore|x64.Build.0 = Release|Any CPU
		{7FCF4CD2-3792-42E4-ADD7-A88ED05029BC}.AppStore|x64.Deploy.0 = Release|Any CPU
		{7FCF4CD2-3792-42E4-ADD7-A88ED05029BC}.AppStore|x86.ActiveCfg = Release|Any CPU
		{7FCF4CD2-3792-42E4-ADD7-A88ED05029BC}.AppStore|x86.Build.0 = Release|Any CPU
		{7FCF4CD2-3792-42E4-ADD7-A88ED05029BC}.AppStore|x86.Deploy.0 = Release|Any CPU
		{7FCF4CD2-3792-42E4-ADD7-A88ED05029BC}.Debug|Any CPU.ActiveCfg = Debug|Any CPU
		{7FCF4CD2-3792-42E4-ADD7-A88ED05029BC}.Debug|Any CPU.Build.0 = Debug|Any CPU
		{7FCF4CD2-3792-42E4-ADD7-A88ED05029BC}.Debug|Any CPU.Deploy.0 = Debug|Any CPU
		{7FCF4CD2-3792-42E4-ADD7-A88ED05029BC}.Debug|ARM.ActiveCfg = Debug|Any CPU
		{7FCF4CD2-3792-42E4-ADD7-A88ED05029BC}.Debug|ARM.Build.0 = Debug|Any CPU
		{7FCF4CD2-3792-42E4-ADD7-A88ED05029BC}.Debug|ARM.Deploy.0 = Debug|Any CPU
		{7FCF4CD2-3792-42E4-ADD7-A88ED05029BC}.Debug|iPhone.ActiveCfg = Debug|Any CPU
		{7FCF4CD2-3792-42E4-ADD7-A88ED05029BC}.Debug|iPhone.Build.0 = Debug|Any CPU
		{7FCF4CD2-3792-42E4-ADD7-A88ED05029BC}.Debug|iPhone.Deploy.0 = Debug|Any CPU
		{7FCF4CD2-3792-42E4-ADD7-A88ED05029BC}.Debug|iPhoneSimulator.ActiveCfg = Debug|Any CPU
		{7FCF4CD2-3792-42E4-ADD7-A88ED05029BC}.Debug|iPhoneSimulator.Build.0 = Debug|Any CPU
		{7FCF4CD2-3792-42E4-ADD7-A88ED05029BC}.Debug|iPhoneSimulator.Deploy.0 = Debug|Any CPU
		{7FCF4CD2-3792-42E4-ADD7-A88ED05029BC}.Debug|x64.ActiveCfg = Debug|Any CPU
		{7FCF4CD2-3792-42E4-ADD7-A88ED05029BC}.Debug|x64.Build.0 = Debug|Any CPU
		{7FCF4CD2-3792-42E4-ADD7-A88ED05029BC}.Debug|x64.Deploy.0 = Debug|Any CPU
		{7FCF4CD2-3792-42E4-ADD7-A88ED05029BC}.Debug|x86.ActiveCfg = Debug|Any CPU
		{7FCF4CD2-3792-42E4-ADD7-A88ED05029BC}.Debug|x86.Build.0 = Debug|Any CPU
		{7FCF4CD2-3792-42E4-ADD7-A88ED05029BC}.Debug|x86.Deploy.0 = Debug|Any CPU
		{7FCF4CD2-3792-42E4-ADD7-A88ED05029BC}.Release|Any CPU.ActiveCfg = Release|Any CPU
		{7FCF4CD2-3792-42E4-ADD7-A88ED05029BC}.Release|Any CPU.Build.0 = Release|Any CPU
		{7FCF4CD2-3792-42E4-ADD7-A88ED05029BC}.Release|Any CPU.Deploy.0 = Release|Any CPU
		{7FCF4CD2-3792-42E4-ADD7-A88ED05029BC}.Release|ARM.ActiveCfg = Release|Any CPU
		{7FCF4CD2-3792-42E4-ADD7-A88ED05029BC}.Release|ARM.Build.0 = Release|Any CPU
		{7FCF4CD2-3792-42E4-ADD7-A88ED05029BC}.Release|ARM.Deploy.0 = Release|Any CPU
		{7FCF4CD2-3792-42E4-ADD7-A88ED05029BC}.Release|iPhone.ActiveCfg = Release|Any CPU
		{7FCF4CD2-3792-42E4-ADD7-A88ED05029BC}.Release|iPhone.Build.0 = Release|Any CPU
		{7FCF4CD2-3792-42E4-ADD7-A88ED05029BC}.Release|iPhone.Deploy.0 = Release|Any CPU
		{7FCF4CD2-3792-42E4-ADD7-A88ED05029BC}.Release|iPhoneSimulator.ActiveCfg = Release|Any CPU
		{7FCF4CD2-3792-42E4-ADD7-A88ED05029BC}.Release|iPhoneSimulator.Build.0 = Release|Any CPU
		{7FCF4CD2-3792-42E4-ADD7-A88ED05029BC}.Release|iPhoneSimulator.Deploy.0 = Release|Any CPU
		{7FCF4CD2-3792-42E4-ADD7-A88ED05029BC}.Release|x64.ActiveCfg = Release|Any CPU
		{7FCF4CD2-3792-42E4-ADD7-A88ED05029BC}.Release|x64.Build.0 = Release|Any CPU
		{7FCF4CD2-3792-42E4-ADD7-A88ED05029BC}.Release|x64.Deploy.0 = Release|Any CPU
		{7FCF4CD2-3792-42E4-ADD7-A88ED05029BC}.Release|x86.ActiveCfg = Release|Any CPU
		{7FCF4CD2-3792-42E4-ADD7-A88ED05029BC}.Release|x86.Build.0 = Release|Any CPU
		{7FCF4CD2-3792-42E4-ADD7-A88ED05029BC}.Release|x86.Deploy.0 = Release|Any CPU
		{71CE6A12-9349-498E-9F26-306A492373DC}.Ad-Hoc|Any CPU.ActiveCfg = Release|Any CPU
		{71CE6A12-9349-498E-9F26-306A492373DC}.Ad-Hoc|Any CPU.Build.0 = Release|Any CPU
		{71CE6A12-9349-498E-9F26-306A492373DC}.Ad-Hoc|ARM.ActiveCfg = Release|Any CPU
		{71CE6A12-9349-498E-9F26-306A492373DC}.Ad-Hoc|ARM.Build.0 = Release|Any CPU
		{71CE6A12-9349-498E-9F26-306A492373DC}.Ad-Hoc|iPhone.ActiveCfg = Release|Any CPU
		{71CE6A12-9349-498E-9F26-306A492373DC}.Ad-Hoc|iPhone.Build.0 = Release|Any CPU
		{71CE6A12-9349-498E-9F26-306A492373DC}.Ad-Hoc|iPhoneSimulator.ActiveCfg = Release|Any CPU
		{71CE6A12-9349-498E-9F26-306A492373DC}.Ad-Hoc|iPhoneSimulator.Build.0 = Release|Any CPU
		{71CE6A12-9349-498E-9F26-306A492373DC}.Ad-Hoc|x64.ActiveCfg = Release|Any CPU
		{71CE6A12-9349-498E-9F26-306A492373DC}.Ad-Hoc|x64.Build.0 = Release|Any CPU
		{71CE6A12-9349-498E-9F26-306A492373DC}.Ad-Hoc|x86.ActiveCfg = Release|Any CPU
		{71CE6A12-9349-498E-9F26-306A492373DC}.Ad-Hoc|x86.Build.0 = Release|Any CPU
		{71CE6A12-9349-498E-9F26-306A492373DC}.AppStore|Any CPU.ActiveCfg = Release|Any CPU
		{71CE6A12-9349-498E-9F26-306A492373DC}.AppStore|Any CPU.Build.0 = Release|Any CPU
		{71CE6A12-9349-498E-9F26-306A492373DC}.AppStore|ARM.ActiveCfg = Release|Any CPU
		{71CE6A12-9349-498E-9F26-306A492373DC}.AppStore|ARM.Build.0 = Release|Any CPU
		{71CE6A12-9349-498E-9F26-306A492373DC}.AppStore|iPhone.ActiveCfg = Release|Any CPU
		{71CE6A12-9349-498E-9F26-306A492373DC}.AppStore|iPhone.Build.0 = Release|Any CPU
		{71CE6A12-9349-498E-9F26-306A492373DC}.AppStore|iPhoneSimulator.ActiveCfg = Release|Any CPU
		{71CE6A12-9349-498E-9F26-306A492373DC}.AppStore|iPhoneSimulator.Build.0 = Release|Any CPU
		{71CE6A12-9349-498E-9F26-306A492373DC}.AppStore|x64.ActiveCfg = Release|Any CPU
		{71CE6A12-9349-498E-9F26-306A492373DC}.AppStore|x64.Build.0 = Release|Any CPU
		{71CE6A12-9349-498E-9F26-306A492373DC}.AppStore|x86.ActiveCfg = Release|Any CPU
		{71CE6A12-9349-498E-9F26-306A492373DC}.AppStore|x86.Build.0 = Release|Any CPU
		{71CE6A12-9349-498E-9F26-306A492373DC}.Debug|Any CPU.ActiveCfg = Debug|Any CPU
		{71CE6A12-9349-498E-9F26-306A492373DC}.Debug|Any CPU.Build.0 = Debug|Any CPU
		{71CE6A12-9349-498E-9F26-306A492373DC}.Debug|ARM.ActiveCfg = Debug|Any CPU
		{71CE6A12-9349-498E-9F26-306A492373DC}.Debug|ARM.Build.0 = Debug|Any CPU
		{71CE6A12-9349-498E-9F26-306A492373DC}.Debug|iPhone.ActiveCfg = Debug|Any CPU
		{71CE6A12-9349-498E-9F26-306A492373DC}.Debug|iPhone.Build.0 = Debug|Any CPU
		{71CE6A12-9349-498E-9F26-306A492373DC}.Debug|iPhoneSimulator.ActiveCfg = Debug|Any CPU
		{71CE6A12-9349-498E-9F26-306A492373DC}.Debug|iPhoneSimulator.Build.0 = Debug|Any CPU
		{71CE6A12-9349-498E-9F26-306A492373DC}.Debug|x64.ActiveCfg = Debug|Any CPU
		{71CE6A12-9349-498E-9F26-306A492373DC}.Debug|x64.Build.0 = Debug|Any CPU
		{71CE6A12-9349-498E-9F26-306A492373DC}.Debug|x86.ActiveCfg = Debug|Any CPU
		{71CE6A12-9349-498E-9F26-306A492373DC}.Debug|x86.Build.0 = Debug|Any CPU
		{71CE6A12-9349-498E-9F26-306A492373DC}.Release|Any CPU.ActiveCfg = Release|Any CPU
		{71CE6A12-9349-498E-9F26-306A492373DC}.Release|Any CPU.Build.0 = Release|Any CPU
		{71CE6A12-9349-498E-9F26-306A492373DC}.Release|ARM.ActiveCfg = Release|Any CPU
		{71CE6A12-9349-498E-9F26-306A492373DC}.Release|ARM.Build.0 = Release|Any CPU
		{71CE6A12-9349-498E-9F26-306A492373DC}.Release|iPhone.ActiveCfg = Release|Any CPU
		{71CE6A12-9349-498E-9F26-306A492373DC}.Release|iPhone.Build.0 = Release|Any CPU
		{71CE6A12-9349-498E-9F26-306A492373DC}.Release|iPhoneSimulator.ActiveCfg = Release|Any CPU
		{71CE6A12-9349-498E-9F26-306A492373DC}.Release|iPhoneSimulator.Build.0 = Release|Any CPU
		{71CE6A12-9349-498E-9F26-306A492373DC}.Release|x64.ActiveCfg = Release|Any CPU
		{71CE6A12-9349-498E-9F26-306A492373DC}.Release|x64.Build.0 = Release|Any CPU
		{71CE6A12-9349-498E-9F26-306A492373DC}.Release|x86.ActiveCfg = Release|Any CPU
		{71CE6A12-9349-498E-9F26-306A492373DC}.Release|x86.Build.0 = Release|Any CPU
		{2360F0B4-DAD8-48C9-87D8-1B7913979179}.Ad-Hoc|Any CPU.ActiveCfg = Release|x86
		{2360F0B4-DAD8-48C9-87D8-1B7913979179}.Ad-Hoc|Any CPU.Build.0 = Release|x86
		{2360F0B4-DAD8-48C9-87D8-1B7913979179}.Ad-Hoc|Any CPU.Deploy.0 = Release|x86
		{2360F0B4-DAD8-48C9-87D8-1B7913979179}.Ad-Hoc|ARM.ActiveCfg = Release|ARM
		{2360F0B4-DAD8-48C9-87D8-1B7913979179}.Ad-Hoc|ARM.Build.0 = Release|ARM
		{2360F0B4-DAD8-48C9-87D8-1B7913979179}.Ad-Hoc|ARM.Deploy.0 = Release|ARM
		{2360F0B4-DAD8-48C9-87D8-1B7913979179}.Ad-Hoc|iPhone.ActiveCfg = Release|x86
		{2360F0B4-DAD8-48C9-87D8-1B7913979179}.Ad-Hoc|iPhone.Build.0 = Release|x86
		{2360F0B4-DAD8-48C9-87D8-1B7913979179}.Ad-Hoc|iPhone.Deploy.0 = Release|x86
		{2360F0B4-DAD8-48C9-87D8-1B7913979179}.Ad-Hoc|iPhoneSimulator.ActiveCfg = Release|x86
		{2360F0B4-DAD8-48C9-87D8-1B7913979179}.Ad-Hoc|iPhoneSimulator.Build.0 = Release|x86
		{2360F0B4-DAD8-48C9-87D8-1B7913979179}.Ad-Hoc|iPhoneSimulator.Deploy.0 = Release|x86
		{2360F0B4-DAD8-48C9-87D8-1B7913979179}.Ad-Hoc|x64.ActiveCfg = Release|x64
		{2360F0B4-DAD8-48C9-87D8-1B7913979179}.Ad-Hoc|x64.Build.0 = Release|x64
		{2360F0B4-DAD8-48C9-87D8-1B7913979179}.Ad-Hoc|x64.Deploy.0 = Release|x64
		{2360F0B4-DAD8-48C9-87D8-1B7913979179}.Ad-Hoc|x86.ActiveCfg = Release|x86
		{2360F0B4-DAD8-48C9-87D8-1B7913979179}.Ad-Hoc|x86.Build.0 = Release|x86
		{2360F0B4-DAD8-48C9-87D8-1B7913979179}.Ad-Hoc|x86.Deploy.0 = Release|x86
		{2360F0B4-DAD8-48C9-87D8-1B7913979179}.AppStore|Any CPU.ActiveCfg = Release|x86
		{2360F0B4-DAD8-48C9-87D8-1B7913979179}.AppStore|Any CPU.Build.0 = Release|x86
		{2360F0B4-DAD8-48C9-87D8-1B7913979179}.AppStore|Any CPU.Deploy.0 = Release|x86
		{2360F0B4-DAD8-48C9-87D8-1B7913979179}.AppStore|ARM.ActiveCfg = Release|ARM
		{2360F0B4-DAD8-48C9-87D8-1B7913979179}.AppStore|ARM.Build.0 = Release|ARM
		{2360F0B4-DAD8-48C9-87D8-1B7913979179}.AppStore|ARM.Deploy.0 = Release|ARM
		{2360F0B4-DAD8-48C9-87D8-1B7913979179}.AppStore|iPhone.ActiveCfg = Release|x86
		{2360F0B4-DAD8-48C9-87D8-1B7913979179}.AppStore|iPhone.Build.0 = Release|x86
		{2360F0B4-DAD8-48C9-87D8-1B7913979179}.AppStore|iPhone.Deploy.0 = Release|x86
		{2360F0B4-DAD8-48C9-87D8-1B7913979179}.AppStore|iPhoneSimulator.ActiveCfg = Release|x86
		{2360F0B4-DAD8-48C9-87D8-1B7913979179}.AppStore|iPhoneSimulator.Build.0 = Release|x86
		{2360F0B4-DAD8-48C9-87D8-1B7913979179}.AppStore|iPhoneSimulator.Deploy.0 = Release|x86
		{2360F0B4-DAD8-48C9-87D8-1B7913979179}.AppStore|x64.ActiveCfg = Release|x64
		{2360F0B4-DAD8-48C9-87D8-1B7913979179}.AppStore|x64.Build.0 = Release|x64
		{2360F0B4-DAD8-48C9-87D8-1B7913979179}.AppStore|x64.Deploy.0 = Release|x64
		{2360F0B4-DAD8-48C9-87D8-1B7913979179}.AppStore|x86.ActiveCfg = Release|x86
		{2360F0B4-DAD8-48C9-87D8-1B7913979179}.AppStore|x86.Build.0 = Release|x86
		{2360F0B4-DAD8-48C9-87D8-1B7913979179}.AppStore|x86.Deploy.0 = Release|x86
		{2360F0B4-DAD8-48C9-87D8-1B7913979179}.Debug|Any CPU.ActiveCfg = Debug|x86
		{2360F0B4-DAD8-48C9-87D8-1B7913979179}.Debug|ARM.ActiveCfg = Debug|ARM
		{2360F0B4-DAD8-48C9-87D8-1B7913979179}.Debug|ARM.Build.0 = Debug|ARM
		{2360F0B4-DAD8-48C9-87D8-1B7913979179}.Debug|ARM.Deploy.0 = Debug|ARM
		{2360F0B4-DAD8-48C9-87D8-1B7913979179}.Debug|iPhone.ActiveCfg = Debug|x86
		{2360F0B4-DAD8-48C9-87D8-1B7913979179}.Debug|iPhoneSimulator.ActiveCfg = Debug|x86
		{2360F0B4-DAD8-48C9-87D8-1B7913979179}.Debug|x64.ActiveCfg = Debug|x64
		{2360F0B4-DAD8-48C9-87D8-1B7913979179}.Debug|x64.Build.0 = Debug|x64
		{2360F0B4-DAD8-48C9-87D8-1B7913979179}.Debug|x64.Deploy.0 = Debug|x64
		{2360F0B4-DAD8-48C9-87D8-1B7913979179}.Debug|x86.ActiveCfg = Debug|x86
		{2360F0B4-DAD8-48C9-87D8-1B7913979179}.Debug|x86.Build.0 = Debug|x86
		{2360F0B4-DAD8-48C9-87D8-1B7913979179}.Debug|x86.Deploy.0 = Debug|x86
		{2360F0B4-DAD8-48C9-87D8-1B7913979179}.Release|Any CPU.ActiveCfg = Release|x86
		{2360F0B4-DAD8-48C9-87D8-1B7913979179}.Release|ARM.ActiveCfg = Release|ARM
		{2360F0B4-DAD8-48C9-87D8-1B7913979179}.Release|ARM.Build.0 = Release|ARM
		{2360F0B4-DAD8-48C9-87D8-1B7913979179}.Release|ARM.Deploy.0 = Release|ARM
		{2360F0B4-DAD8-48C9-87D8-1B7913979179}.Release|iPhone.ActiveCfg = Release|x86
		{2360F0B4-DAD8-48C9-87D8-1B7913979179}.Release|iPhoneSimulator.ActiveCfg = Release|x86
		{2360F0B4-DAD8-48C9-87D8-1B7913979179}.Release|x64.ActiveCfg = Release|x64
		{2360F0B4-DAD8-48C9-87D8-1B7913979179}.Release|x64.Build.0 = Release|x64
		{2360F0B4-DAD8-48C9-87D8-1B7913979179}.Release|x64.Deploy.0 = Release|x64
		{2360F0B4-DAD8-48C9-87D8-1B7913979179}.Release|x86.ActiveCfg = Release|x86
		{2360F0B4-DAD8-48C9-87D8-1B7913979179}.Release|x86.Build.0 = Release|x86
		{2360F0B4-DAD8-48C9-87D8-1B7913979179}.Release|x86.Deploy.0 = Release|x86
		{35F9036B-6051-4FC0-8906-F82C3EBA473B}.Ad-Hoc|Any CPU.ActiveCfg = Ad-Hoc|iPhone
		{35F9036B-6051-4FC0-8906-F82C3EBA473B}.Ad-Hoc|ARM.ActiveCfg = Ad-Hoc|iPhone
		{35F9036B-6051-4FC0-8906-F82C3EBA473B}.Ad-Hoc|iPhone.ActiveCfg = Ad-Hoc|iPhone
		{35F9036B-6051-4FC0-8906-F82C3EBA473B}.Ad-Hoc|iPhone.Build.0 = Ad-Hoc|iPhone
		{35F9036B-6051-4FC0-8906-F82C3EBA473B}.Ad-Hoc|iPhoneSimulator.ActiveCfg = Ad-Hoc|iPhoneSimulator
		{35F9036B-6051-4FC0-8906-F82C3EBA473B}.Ad-Hoc|iPhoneSimulator.Build.0 = Ad-Hoc|iPhoneSimulator
		{35F9036B-6051-4FC0-8906-F82C3EBA473B}.Ad-Hoc|x64.ActiveCfg = Ad-Hoc|iPhone
		{35F9036B-6051-4FC0-8906-F82C3EBA473B}.Ad-Hoc|x86.ActiveCfg = Ad-Hoc|iPhone
		{35F9036B-6051-4FC0-8906-F82C3EBA473B}.AppStore|Any CPU.ActiveCfg = AppStore|iPhone
		{35F9036B-6051-4FC0-8906-F82C3EBA473B}.AppStore|ARM.ActiveCfg = AppStore|iPhone
		{35F9036B-6051-4FC0-8906-F82C3EBA473B}.AppStore|iPhone.ActiveCfg = AppStore|iPhone
		{35F9036B-6051-4FC0-8906-F82C3EBA473B}.AppStore|iPhone.Build.0 = AppStore|iPhone
		{35F9036B-6051-4FC0-8906-F82C3EBA473B}.AppStore|iPhoneSimulator.ActiveCfg = AppStore|iPhoneSimulator
		{35F9036B-6051-4FC0-8906-F82C3EBA473B}.AppStore|iPhoneSimulator.Build.0 = AppStore|iPhoneSimulator
		{35F9036B-6051-4FC0-8906-F82C3EBA473B}.AppStore|x64.ActiveCfg = AppStore|iPhone
		{35F9036B-6051-4FC0-8906-F82C3EBA473B}.AppStore|x86.ActiveCfg = AppStore|iPhone
		{35F9036B-6051-4FC0-8906-F82C3EBA473B}.Debug|Any CPU.ActiveCfg = Debug|iPhone
		{35F9036B-6051-4FC0-8906-F82C3EBA473B}.Debug|ARM.ActiveCfg = Debug|iPhone
		{35F9036B-6051-4FC0-8906-F82C3EBA473B}.Debug|iPhone.ActiveCfg = Debug|iPhone
		{35F9036B-6051-4FC0-8906-F82C3EBA473B}.Debug|iPhone.Build.0 = Debug|iPhone
		{35F9036B-6051-4FC0-8906-F82C3EBA473B}.Debug|iPhoneSimulator.ActiveCfg = Debug|iPhoneSimulator
		{35F9036B-6051-4FC0-8906-F82C3EBA473B}.Debug|iPhoneSimulator.Build.0 = Debug|iPhoneSimulator
		{35F9036B-6051-4FC0-8906-F82C3EBA473B}.Debug|x64.ActiveCfg = Debug|iPhone
		{35F9036B-6051-4FC0-8906-F82C3EBA473B}.Debug|x86.ActiveCfg = Debug|iPhone
		{35F9036B-6051-4FC0-8906-F82C3EBA473B}.Release|Any CPU.ActiveCfg = Release|iPhone
		{35F9036B-6051-4FC0-8906-F82C3EBA473B}.Release|ARM.ActiveCfg = Release|iPhone
		{35F9036B-6051-4FC0-8906-F82C3EBA473B}.Release|iPhone.ActiveCfg = Release|iPhone
		{35F9036B-6051-4FC0-8906-F82C3EBA473B}.Release|iPhone.Build.0 = Release|iPhone
		{35F9036B-6051-4FC0-8906-F82C3EBA473B}.Release|iPhoneSimulator.ActiveCfg = Release|iPhoneSimulator
		{35F9036B-6051-4FC0-8906-F82C3EBA473B}.Release|iPhoneSimulator.Build.0 = Release|iPhoneSimulator
		{35F9036B-6051-4FC0-8906-F82C3EBA473B}.Release|x64.ActiveCfg = Release|iPhone
		{35F9036B-6051-4FC0-8906-F82C3EBA473B}.Release|x86.ActiveCfg = Release|iPhone
	EndGlobalSection
	GlobalSection(SolutionProperties) = preSolution
		HideSolutionNode = FALSE
	EndGlobalSection
	GlobalSection(ExtensibilityGlobals) = postSolution
		SolutionGuid = {2D44C27F-17DB-4F06-961D-933E7A95406E}
	EndGlobalSection
EndGlobal
